// !$*UTF8*$!
{
	archiveVersion = 1;
	classes = {
	};
	objectVersion = 56;
	objects = {

/* Begin PBXBuildFile section */
		8A0000010000000000000001 /* DoneLoopApp.swift in Sources */ = {isa = PBXBuildFile; fileRef = 8A0000010000000000000101 /* DoneLoopApp.swift */; };
		8A0000010000000000000002 /* AppServices.swift in Sources */ = {isa = PBXBuildFile; fileRef = 8A0000010000000000000102 /* AppServices.swift */; };
		8A0000010000000000000003 /* AppTab.swift in Sources */ = {isa = PBXBuildFile; fileRef = 8A0000010000000000000103 /* AppTab.swift */; };
		8A0000010000000000000004 /* DesignSystem.swift in Sources */ = {isa = PBXBuildFile; fileRef = 8A0000010000000000000104 /* DesignSystem.swift */; };
		8A0000010000000000000005 /* AppRootView.swift in Sources */ = {isa = PBXBuildFile; fileRef = 8A0000010000000000000105 /* AppRootView.swift */; };
		8A0000010000000000000006 /* CaptureView.swift in Sources */ = {isa = PBXBuildFile; fileRef = 8A0000010000000000000106 /* CaptureView.swift */; };
		8A0000010000000000000007 /* InterpretationPreviewView.swift in Sources */ = {isa = PBXBuildFile; fileRef = 8A0000010000000000000107 /* InterpretationPreviewView.swift */; };
		8A0000010000000000000008 /* TodayView.swift in Sources */ = {isa = PBXBuildFile; fileRef = 8A0000010000000000000108 /* TodayView.swift */; };
		8A0000010000000000000009 /* InboxView.swift in Sources */ = {isa = PBXBuildFile; fileRef = 8A0000010000000000000109 /* InboxView.swift */; };
		8A0000010000000000000010 /* TaskDetailView.swift in Sources */ = {isa = PBXBuildFile; fileRef = 8A0000010000000000000110 /* TaskDetailView.swift */; };
		8A0000010000000000000011 /* ReminderDecisionSheet.swift in Sources */ = {isa = PBXBuildFile; fileRef = 8A0000010000000000000111 /* ReminderDecisionSheet.swift */; };
		8A0000010000000000000012 /* SettingsView.swift in Sources */ = {isa = PBXBuildFile; fileRef = 8A0000010000000000000112 /* SettingsView.swift */; };
		8A0000010000000000000013 /* LocalModels.swift in Sources */ = {isa = PBXBuildFile; fileRef = 8A0000010000000000000113 /* LocalModels.swift */; };
		8A0000010000000000000014 /* LocalStore.swift in Sources */ = {isa = PBXBuildFile; fileRef = 8A0000010000000000000114 /* LocalStore.swift */; };
		8A0000010000000000000015 /* ParserModels.swift in Sources */ = {isa = PBXBuildFile; fileRef = 8A0000010000000000000115 /* ParserModels.swift */; };
		8A0000010000000000000016 /* AIProvider.swift in Sources */ = {isa = PBXBuildFile; fileRef = 8A0000010000000000000116 /* AIProvider.swift */; };
		8A0000010000000000000017 /* VoiceCaptureController.swift in Sources */ = {isa = PBXBuildFile; fileRef = 8A0000010000000000000117 /* VoiceCaptureController.swift */; };
		8A0000010000000000000018 /* CaptureDetailView.swift in Sources */ = {isa = PBXBuildFile; fileRef = 8A0000010000000000000118 /* CaptureDetailView.swift */; };
		8A0000010000000000000019 /* ParserOutputValidator.swift in Sources */ = {isa = PBXBuildFile; fileRef = 8A0000010000000000000119 /* ParserOutputValidator.swift */; };
		8A0000010000000000000020 /* ItemCreationEngine.swift in Sources */ = {isa = PBXBuildFile; fileRef = 8A0000010000000000000120 /* ItemCreationEngine.swift */; };
		8A0000010000000000000021 /* CalendarService.swift in Sources */ = {isa = PBXBuildFile; fileRef = 8A0000010000000000000121 /* CalendarService.swift */; };
		8A0000010000000000000022 /* NotificationService.swift in Sources */ = {isa = PBXBuildFile; fileRef = 8A0000010000000000000122 /* NotificationService.swift */; };
		8A0000010000000000000023 /* V2BacklogFoundation.swift in Sources */ = {isa = PBXBuildFile; fileRef = 8A0000010000000000000123 /* V2BacklogFoundation.swift */; };
		8A0000010000000000000024 /* V3ProductionFoundation.swift in Sources */ = {isa = PBXBuildFile; fileRef = 8A0000010000000000000124 /* V3ProductionFoundation.swift */; };
/* End PBXBuildFile section */

/* Begin PBXFileReference section */
		8A0000010000000000000101 /* DoneLoopApp.swift */ = {isa = PBXFileReference; lastKnownFileType = sourcecode.swift; path = DoneLoopApp.swift; sourceTree = "<group>"; };
		8A0000010000000000000102 /* AppServices.swift */ = {isa = PBXFileReference; lastKnownFileType = sourcecode.swift; path = AppServices.swift; sourceTree = "<group>"; };
		8A0000010000000000000103 /* AppTab.swift */ = {isa = PBXFileReference; lastKnownFileType = sourcecode.swift; path = AppTab.swift; sourceTree = "<group>"; };
		8A0000010000000000000104 /* DesignSystem.swift */ = {isa = PBXFileReference; lastKnownFileType = sourcecode.swift; path = DesignSystem.swift; sourceTree = "<group>"; };
		8A0000010000000000000105 /* AppRootView.swift */ = {isa = PBXFileReference; lastKnownFileType = sourcecode.swift; path = AppRootView.swift; sourceTree = "<group>"; };
		8A0000010000000000000106 /* CaptureView.swift */ = {isa = PBXFileReference; lastKnownFileType = sourcecode.swift; path = CaptureView.swift; sourceTree = "<group>"; };
		8A0000010000000000000107 /* InterpretationPreviewView.swift */ = {isa = PBXFileReference; lastKnownFileType = sourcecode.swift; path = InterpretationPreviewView.swift; sourceTree = "<group>"; };
		8A0000010000000000000108 /* TodayView.swift */ = {isa = PBXFileReference; lastKnownFileType = sourcecode.swift; path = TodayView.swift; sourceTree = "<group>"; };
		8A0000010000000000000109 /* InboxView.swift */ = {isa = PBXFileReference; lastKnownFileType = sourcecode.swift; path = InboxView.swift; sourceTree = "<group>"; };
		8A0000010000000000000110 /* TaskDetailView.swift */ = {isa = PBXFileReference; lastKnownFileType = sourcecode.swift; path = TaskDetailView.swift; sourceTree = "<group>"; };
		8A0000010000000000000111 /* ReminderDecisionSheet.swift */ = {isa = PBXFileReference; lastKnownFileType = sourcecode.swift; path = ReminderDecisionSheet.swift; sourceTree = "<group>"; };
		8A0000010000000000000112 /* SettingsView.swift */ = {isa = PBXFileReference; lastKnownFileType = sourcecode.swift; path = SettingsView.swift; sourceTree = "<group>"; };
		8A0000010000000000000113 /* LocalModels.swift */ = {isa = PBXFileReference; lastKnownFileType = sourcecode.swift; path = LocalModels.swift; sourceTree = "<group>"; };
		8A0000010000000000000114 /* LocalStore.swift */ = {isa = PBXFileReference; lastKnownFileType = sourcecode.swift; path = LocalStore.swift; sourceTree = "<group>"; };
		8A0000010000000000000115 /* ParserModels.swift */ = {isa = PBXFileReference; lastKnownFileType = sourcecode.swift; path = ParserModels.swift; sourceTree = "<group>"; };
		8A0000010000000000000116 /* AIProvider.swift */ = {isa = PBXFileReference; lastKnownFileType = sourcecode.swift; path = AIProvider.swift; sourceTree = "<group>"; };
		8A0000010000000000000117 /* VoiceCaptureController.swift */ = {isa = PBXFileReference; lastKnownFileType = sourcecode.swift; path = VoiceCaptureController.swift; sourceTree = "<group>"; };
		8A0000010000000000000118 /* CaptureDetailView.swift */ = {isa = PBXFileReference; lastKnownFileType = sourcecode.swift; path = CaptureDetailView.swift; sourceTree = "<group>"; };
		8A0000010000000000000119 /* ParserOutputValidator.swift */ = {isa = PBXFileReference; lastKnownFileType = sourcecode.swift; path = ParserOutputValidator.swift; sourceTree = "<group>"; };
		8A0000010000000000000120 /* ItemCreationEngine.swift */ = {isa = PBXFileReference; lastKnownFileType = sourcecode.swift; path = ItemCreationEngine.swift; sourceTree = "<group>"; };
		8A0000010000000000000121 /* CalendarService.swift */ = {isa = PBXFileReference; lastKnownFileType = sourcecode.swift; path = CalendarService.swift; sourceTree = "<group>"; };
		8A0000010000000000000122 /* NotificationService.swift */ = {isa = PBXFileReference; lastKnownFileType = sourcecode.swift; path = NotificationService.swift; sourceTree = "<group>"; };
		8A0000010000000000000123 /* V2BacklogFoundation.swift */ = {isa = PBXFileReference; lastKnownFileType = sourcecode.swift; path = V2BacklogFoundation.swift; sourceTree = "<group>"; };
		8A0000010000000000000124 /* V3ProductionFoundation.swift */ = {isa = PBXFileReference; lastKnownFileType = sourcecode.swift; path = V3ProductionFoundation.swift; sourceTree = "<group>"; };
		8A0000010000000000000201 /* DoneLoop.app */ = {isa = PBXFileReference; explicitFileType = wrapper.application; includeInIndex = 0; path = DoneLoop.app; sourceTree = BUILT_PRODUCTS_DIR; };
/* End PBXFileReference section */

/* Begin PBXFrameworksBuildPhase section */
		8A0000010000000000000301 /* Frameworks */ = {
			isa = PBXFrameworksBuildPhase;
			buildActionMask = 2147483647;
			files = (
			);
			runOnlyForDeploymentPostprocessing = 0;
		};
/* End PBXFrameworksBuildPhase section */

/* Begin PBXGroup section */
		8A0000010000000000000401 = {
			isa = PBXGroup;
			children = (
				8A0000010000000000000402 /* DoneLoop */,
				8A0000010000000000000403 /* Products */,
			);
			sourceTree = "<group>";
		};
		8A0000010000000000000402 /* DoneLoop */ = {
			isa = PBXGroup;
			children = (
				8A0000010000000000000101 /* DoneLoopApp.swift */,
				8A0000010000000000000404 /* App */,
				8A0000010000000000000414 /* Models */,
				8A0000010000000000000416 /* AI */,
				8A0000010000000000000417 /* Validation */,
				8A0000010000000000000418 /* Creation */,
				8A0000010000000000000419 /* Calendar */,
				8A0000010000000000000420 /* Notifications */,
				8A0000010000000000000421 /* V2 */,
				8A0000010000000000000422 /* V3 */,
				8A0000010000000000000415 /* Storage */,
				8A0000010000000000000405 /* DesignSystem */,
				8A0000010000000000000406 /* Features */,
			);
			path = DoneLoop;
			sourceTree = "<group>";
		};
		8A0000010000000000000403 /* Products */ = {
			isa = PBXGroup;
			children = (
				8A0000010000000000000201 /* DoneLoop.app */,
			);
			name = Products;
			sourceTree = "<group>";
		};
		8A0000010000000000000404 /* App */ = {
			isa = PBXGroup;
			children = (
				8A0000010000000000000102 /* AppServices.swift */,
				8A0000010000000000000103 /* AppTab.swift */,
			);
			path = App;
			sourceTree = "<group>";
		};
		8A0000010000000000000405 /* DesignSystem */ = {
			isa = PBXGroup;
			children = (
				8A0000010000000000000104 /* DesignSystem.swift */,
			);
			path = DesignSystem;
			sourceTree = "<group>";
		};
		8A0000010000000000000406 /* Features */ = {
			isa = PBXGroup;
			children = (
				8A0000010000000000000407 /* Root */,
				8A0000010000000000000408 /* Capture */,
				8A0000010000000000000409 /* Today */,
				8A0000010000000000000410 /* Inbox */,
				8A0000010000000000000411 /* TaskDetail */,
				8A0000010000000000000412 /* Reminder */,
				8A0000010000000000000413 /* Settings */,
			);
			path = Features;
			sourceTree = "<group>";
		};
		8A0000010000000000000407 /* Root */ = {
			isa = PBXGroup;
			children = (
				8A0000010000000000000105 /* AppRootView.swift */,
			);
			path = Root;
			sourceTree = "<group>";
		};
		8A0000010000000000000408 /* Capture */ = {
			isa = PBXGroup;
			children = (
				8A0000010000000000000106 /* CaptureView.swift */,
				8A0000010000000000000107 /* InterpretationPreviewView.swift */,
				8A0000010000000000000117 /* VoiceCaptureController.swift */,
				8A0000010000000000000118 /* CaptureDetailView.swift */,
			);
			path = Capture;
			sourceTree = "<group>";
		};
		8A0000010000000000000409 /* Today */ = {
			isa = PBXGroup;
			children = (
				8A0000010000000000000108 /* TodayView.swift */,
			);
			path = Today;
			sourceTree = "<group>";
		};
		8A0000010000000000000410 /* Inbox */ = {
			isa = PBXGroup;
			children = (
				8A0000010000000000000109 /* InboxView.swift */,
			);
			path = Inbox;
			sourceTree = "<group>";
		};
		8A0000010000000000000411 /* TaskDetail */ = {
			isa = PBXGroup;
			children = (
				8A0000010000000000000110 /* TaskDetailView.swift */,
			);
			path = TaskDetail;
			sourceTree = "<group>";
		};
		8A0000010000000000000412 /* Reminder */ = {
			isa = PBXGroup;
			children = (
				8A0000010000000000000111 /* ReminderDecisionSheet.swift */,
			);
			path = Reminder;
			sourceTree = "<group>";
		};
		8A0000010000000000000413 /* Settings */ = {
			isa = PBXGroup;
			children = (
				8A0000010000000000000112 /* SettingsView.swift */,
			);
			path = Settings;
			sourceTree = "<group>";
		};
		8A0000010000000000000414 /* Models */ = {
			isa = PBXGroup;
			children = (
				8A0000010000000000000113 /* LocalModels.swift */,
				8A0000010000000000000115 /* ParserModels.swift */,
			);
			path = Models;
			sourceTree = "<group>";
		};
		8A0000010000000000000416 /* AI */ = {
			isa = PBXGroup;
			children = (
				8A0000010000000000000116 /* AIProvider.swift */,
			);
			path = AI;
			sourceTree = "<group>";
		};
		8A0000010000000000000417 /* Validation */ = {
			isa = PBXGroup;
			children = (
				8A0000010000000000000119 /* ParserOutputValidator.swift */,
			);
			path = Validation;
			sourceTree = "<group>";
		};
		8A0000010000000000000418 /* Creation */ = {
			isa = PBXGroup;
			children = (
				8A0000010000000000000120 /* ItemCreationEngine.swift */,
			);
			path = Creation;
			sourceTree = "<group>";
		};
		8A0000010000000000000419 /* Calendar */ = {
			isa = PBXGroup;
			children = (
				8A0000010000000000000121 /* CalendarService.swift */,
			);
			path = Calendar;
			sourceTree = "<group>";
		};
		8A0000010000000000000420 /* Notifications */ = {
			isa = PBXGroup;
			children = (
				8A0000010000000000000122 /* NotificationService.swift */,
			);
			path = Notifications;
			sourceTree = "<group>";
		};
		8A0000010000000000000421 /* V2 */ = {
			isa = PBXGroup;
			children = (
				8A0000010000000000000123 /* V2BacklogFoundation.swift */,
			);
			path = V2;
			sourceTree = "<group>";
		};
		8A0000010000000000000422 /* V3 */ = {
			isa = PBXGroup;
			children = (
				8A0000010000000000000124 /* V3ProductionFoundation.swift */,
			);
			path = V3;
			sourceTree = "<group>";
		};
		8A0000010000000000000415 /* Storage */ = {
			isa = PBXGroup;
			children = (
				8A0000010000000000000114 /* LocalStore.swift */,
			);
			path = Storage;
			sourceTree = "<group>";
		};
/* End PBXGroup section */

/* Begin PBXNativeTarget section */
		8A0000010000000000000501 /* DoneLoop */ = {
			isa = PBXNativeTarget;
			buildConfigurationList = 8A0000010000000000000802 /* Build configuration list for PBXNativeTarget "DoneLoop" */;
			buildPhases = (
				8A0000010000000000000601 /* Sources */,
				8A0000010000000000000301 /* Frameworks */,
				8A0000010000000000000602 /* Resources */,
			);
			buildRules = (
			);
			dependencies = (
			);
			name = DoneLoop;
			productName = DoneLoop;
			productReference = 8A0000010000000000000201 /* DoneLoop.app */;
			productType = "com.apple.product-type.application";
		};
/* End PBXNativeTarget section */

/* Begin PBXProject section */
		8A0000010000000000000701 /* Project object */ = {
			isa = PBXProject;
			attributes = {
				BuildIndependentTargetsInParallel = 1;
				LastSwiftUpdateCheck = 1540;
				LastUpgradeCheck = 1540;
				TargetAttributes = {
					8A0000010000000000000501 = {
						CreatedOnToolsVersion = 15.4;
					};
				};
			};
			buildConfigurationList = 8A0000010000000000000801 /* Build configuration list for PBXProject "DoneLoop" */;
			compatibilityVersion = "Xcode 14.0";
			developmentRegion = en;
			hasScannedForEncodings = 0;
			knownRegions = (
				en,
				Base,
			);
			mainGroup = 8A0000010000000000000401;
			productRefGroup = 8A0000010000000000000403 /* Products */;
			projectDirPath = "";
			projectRoot = "";
			targets = (
				8A0000010000000000000501 /* DoneLoop */,
			);
		};
/* End PBXProject section */

/* Begin PBXResourcesBuildPhase section */
		8A0000010000000000000602 /* Resources */ = {
			isa = PBXResourcesBuildPhase;
			buildActionMask = 2147483647;
			files = (
			);
			runOnlyForDeploymentPostprocessing = 0;
		};
/* End PBXResourcesBuildPhase section */

/* Begin PBXSourcesBuildPhase section */
		8A0000010000000000000601 /* Sources */ = {
			isa = PBXSourcesBuildPhase;
			buildActionMask = 2147483647;
			files = (
				8A0000010000000000000001 /* DoneLoopApp.swift in Sources */,
				8A0000010000000000000002 /* AppServices.swift in Sources */,
				8A0000010000000000000003 /* AppTab.swift in Sources */,
				8A0000010000000000000004 /* DesignSystem.swift in Sources */,
				8A0000010000000000000005 /* AppRootView.swift in Sources */,
				8A0000010000000000000006 /* CaptureView.swift in Sources */,
				8A0000010000000000000007 /* InterpretationPreviewView.swift in Sources */,
				8A0000010000000000000008 /* TodayView.swift in Sources */,
				8A0000010000000000000009 /* InboxView.swift in Sources */,
				8A0000010000000000000010 /* TaskDetailView.swift in Sources */,
				8A0000010000000000000011 /* ReminderDecisionSheet.swift in Sources */,
				8A0000010000000000000012 /* SettingsView.swift in Sources */,
				8A0000010000000000000013 /* LocalModels.swift in Sources */,
				8A0000010000000000000014 /* LocalStore.swift in Sources */,
				8A0000010000000000000015 /* ParserModels.swift in Sources */,
				8A0000010000000000000016 /* AIProvider.swift in Sources */,
				8A0000010000000000000017 /* VoiceCaptureController.swift in Sources */,
				8A0000010000000000000018 /* CaptureDetailView.swift in Sources */,
				8A0000010000000000000019 /* ParserOutputValidator.swift in Sources */,
				8A0000010000000000000020 /* ItemCreationEngine.swift in Sources */,
				8A0000010000000000000021 /* CalendarService.swift in Sources */,
				8A0000010000000000000022 /* NotificationService.swift in Sources */,
				8A0000010000000000000023 /* V2BacklogFoundation.swift in Sources */,
				8A0000010000000000000024 /* V3ProductionFoundation.swift in Sources */,
			);
			runOnlyForDeploymentPostprocessing = 0;
		};
/* End PBXSourcesBuildPhase section */

/* Begin XCBuildConfiguration section */
		8A0000010000000000000901 /* Debug */ = {
			isa = XCBuildConfiguration;
			buildSettings = {
				ALWAYS_SEARCH_USER_PATHS = NO;
				CLANG_ANALYZER_NONNULL = YES;
				CLANG_ANALYZER_NUMBER_OBJECT_CONVERSION = YES_AGGRESSIVE;
				CLANG_CXX_LANGUAGE_STANDARD = "gnu++20";
				CLANG_ENABLE_MODULES = YES;
				CLANG_ENABLE_OBJC_ARC = YES;
				CLANG_ENABLE_OBJC_WEAK = YES;
				CLANG_WARN_BLOCK_CAPTURE_AUTORELEASING = YES;
				CLANG_WARN_BOOL_CONVERSION = YES;
				CLANG_WARN_COMMA = YES;
				CLANG_WARN_CONSTANT_CONVERSION = YES;
				CLANG_WARN_DEPRECATED_OBJC_IMPLEMENTATIONS = YES;
				CLANG_WARN_DIRECT_OBJC_ISA_USAGE = YES_ERROR;
				CLANG_WARN_DOCUMENTATION_COMMENTS = YES;
				CLANG_WARN_EMPTY_BODY = YES;
				CLANG_WARN_ENUM_CONVERSION = YES;
				CLANG_WARN_INFINITE_RECURSION = YES;
				CLANG_WARN_INT_CONVERSION = YES;
				CLANG_WARN_NON_LITERAL_NULL_CONVERSION = YES;
				CLANG_WARN_OBJC_IMPLICIT_RETAIN_SELF = YES;
				CLANG_WARN_OBJC_LITERAL_CONVERSION = YES;
				CLANG_WARN_OBJC_ROOT_CLASS = YES_ERROR;
				CLANG_WARN_QUOTED_INCLUDE_IN_FRAMEWORK_HEADER = YES;
				CLANG_WARN_RANGE_LOOP_ANALYSIS = YES;
				CLANG_WARN_STRICT_PROTOTYPES = YES;
				CLANG_WARN_SUSPICIOUS_MOVE = YES;
				CLANG_WARN_UNGUARDED_AVAILABILITY = YES_AGGRESSIVE;
				CLANG_WARN_UNREACHABLE_CODE = YES;
				CLANG_WARN__DUPLICATE_METHOD_MATCH = YES;
				COPY_PHASE_STRIP = NO;
				DEBUG_INFORMATION_FORMAT = dwarf;
				ENABLE_STRICT_OBJC_MSGSEND = YES;
				ENABLE_TESTABILITY = YES;
				ENABLE_USER_SCRIPT_SANDBOXING = YES;
				GCC_C_LANGUAGE_STANDARD = gnu17;
				GCC_DYNAMIC_NO_PIC = NO;
				GCC_NO_COMMON_BLOCKS = YES;
				GCC_OPTIMIZATION_LEVEL = 0;
				GCC_PREPROCESSOR_DEFINITIONS = (
					"DEBUG=1",
					"$(inherited)",
				);
				GCC_WARN_64_TO_32_BIT_CONVERSION = YES;
				GCC_WARN_ABOUT_RETURN_TYPE = YES_ERROR;
				GCC_WARN_UNDECLARED_SELECTOR = YES;
				GCC_WARN_UNINITIALIZED_AUTOS = YES_AGGRESSIVE;
				GCC_WARN_UNUSED_FUNCTION = YES;
				GCC_WARN_UNUSED_VARIABLE = YES;
				IPHONEOS_DEPLOYMENT_TARGET = 17.0;
				MTL_ENABLE_DEBUG_INFO = INCLUDE_SOURCE;
				MTL_FAST_MATH = YES;
				ONLY_ACTIVE_ARCH = YES;
				SDKROOT = iphoneos;
				SWIFT_ACTIVE_COMPILATION_CONDITIONS = "DEBUG $(inherited)";
				SWIFT_OPTIMIZATION_LEVEL = "-Onone";
			};
			name = Debug;
		};
		8A0000010000000000000902 /* Release */ = {
			isa = XCBuildConfiguration;
			buildSettings = {
				ALWAYS_SEARCH_USER_PATHS = NO;
				CLANG_ANALYZER_NONNULL = YES;
				CLANG_ANALYZER_NUMBER_OBJECT_CONVERSION = YES_AGGRESSIVE;
				CLANG_CXX_LANGUAGE_STANDARD = "gnu++20";
				CLANG_ENABLE_MODULES = YES;
				CLANG_ENABLE_OBJC_ARC = YES;
				CLANG_ENABLE_OBJC_WEAK = YES;
				CLANG_WARN_BLOCK_CAPTURE_AUTORELEASING = YES;
				CLANG_WARN_BOOL_CONVERSION = YES;
				CLANG_WARN_COMMA = YES;
				CLANG_WARN_CONSTANT_CONVERSION = YES;
				CLANG_WARN_DEPRECATED_OBJC_IMPLEMENTATIONS = YES;
				CLANG_WARN_DIRECT_OBJC_ISA_USAGE = YES_ERROR;
				CLANG_WARN_DOCUMENTATION_COMMENTS = YES;
				CLANG_WARN_EMPTY_BODY = YES;
				CLANG_WARN_ENUM_CONVERSION = YES;
				CLANG_WARN_INFINITE_RECURSION = YES;
				CLANG_WARN_INT_CONVERSION = YES;
				CLANG_WARN_NON_LITERAL_NULL_CONVERSION = YES;
				CLANG_WARN_OBJC_IMPLICIT_RETAIN_SELF = YES;
				CLANG_WARN_OBJC_LITERAL_CONVERSION = YES;
				CLANG_WARN_OBJC_ROOT_CLASS = YES_ERROR;
				CLANG_WARN_QUOTED_INCLUDE_IN_FRAMEWORK_HEADER = YES;
				CLANG_WARN_RANGE_LOOP_ANALYSIS = YES;
				CLANG_WARN_STRICT_PROTOTYPES = YES;
				CLANG_WARN_SUSPICIOUS_MOVE = YES;
				CLANG_WARN_UNGUARDED_AVAILABILITY = YES_AGGRESSIVE;
				CLANG_WARN_UNREACHABLE_CODE = YES;
				CLANG_WARN__DUPLICATE_METHOD_MATCH = YES;
				COPY_PHASE_STRIP = NO;
				DEBUG_INFORMATION_FORMAT = "dwarf-with-dsym";
				ENABLE_NS_ASSERTIONS = NO;
				ENABLE_STRICT_OBJC_MSGSEND = YES;
				ENABLE_USER_SCRIPT_SANDBOXING = YES;
				GCC_C_LANGUAGE_STANDARD = gnu17;
				GCC_NO_COMMON_BLOCKS = YES;
				GCC_WARN_64_TO_32_BIT_CONVERSION = YES;
				GCC_WARN_ABOUT_RETURN_TYPE = YES_ERROR;
				GCC_WARN_UNDECLARED_SELECTOR = YES;
				GCC_WARN_UNINITIALIZED_AUTOS = YES_AGGRESSIVE;
				GCC_WARN_UNUSED_FUNCTION = YES;
				GCC_WARN_UNUSED_VARIABLE = YES;
				IPHONEOS_DEPLOYMENT_TARGET = 17.0;
				MTL_ENABLE_DEBUG_INFO = NO;
				MTL_FAST_MATH = YES;
				SDKROOT = iphoneos;
				SWIFT_COMPILATION_MODE = wholemodule;
				VALIDATE_PRODUCT = YES;
			};
			name = Release;
		};
		8A0000010000000000000903 /* Debug */ = {
			isa = XCBuildConfiguration;
			buildSettings = {
				ASSETCATALOG_COMPILER_APPICON_NAME = "";
				CODE_SIGN_STYLE = Automatic;
				CURRENT_PROJECT_VERSION = 1;
				DEVELOPMENT_ASSET_PATHS = "";
				DEVELOPMENT_TEAM = "";
				ENABLE_PREVIEWS = YES;
				GENERATE_INFOPLIST_FILE = YES;
				INFOPLIST_KEY_CFBundleDisplayName = DoneLoop;
				INFOPLIST_KEY_NSMicrophoneUsageDescription = "DoneLoop uses the microphone to capture spoken tasks and thoughts.";
				INFOPLIST_KEY_NSSpeechRecognitionUsageDescription = "DoneLoop uses speech recognition to turn voice captures into editable transcripts.";
				INFOPLIST_KEY_UIApplicationSceneManifest_Generation = YES;
				INFOPLIST_KEY_UIApplicationSupportsIndirectInputEvents = YES;
				INFOPLIST_KEY_UILaunchScreen_Generation = YES;
				INFOPLIST_KEY_UISupportedInterfaceOrientations_iPad = "UIInterfaceOrientationPortrait UIInterfaceOrientationPortraitUpsideDown UIInterfaceOrientationLandscapeLeft UIInterfaceOrientationLandscapeRight";
				INFOPLIST_KEY_UISupportedInterfaceOrientations_iPhone = "UIInterfaceOrientationPortrait";
				IPHONEOS_DEPLOYMENT_TARGET = 17.0;
				LD_RUNPATH_SEARCH_PATHS = (
					"$(inherited)",
					"@executable_path/Frameworks",
				);
				MARKETING_VERSION = 0.1.0;
				PRODUCT_BUNDLE_IDENTIFIER = com.openclaw.DoneLoop;
				PRODUCT_NAME = "$(TARGET_NAME)";
				SWIFT_EMIT_LOC_STRINGS = YES;
				SWIFT_VERSION = 5.0;
				TARGETED_DEVICE_FAMILY = 1;
			};
			name = Debug;
		};
		8A0000010000000000000904 /* Release */ = {
			isa = XCBuildConfiguration;
			buildSettings = {
				ASSETCATALOG_COMPILER_APPICON_NAME = "";
				CODE_SIGN_STYLE = Automatic;
				CURRENT_PROJECT_VERSION = 1;
				DEVELOPMENT_ASSET_PATHS = "";
				DEVELOPMENT_TEAM = "";
				ENABLE_PREVIEWS = YES;
				GENERATE_INFOPLIST_FILE = YES;
				INFOPLIST_KEY_CFBundleDisplayName = DoneLoop;
				INFOPLIST_KEY_NSMicrophoneUsageDescription = "DoneLoop uses the microphone to capture spoken tasks and thoughts.";
				INFOPLIST_KEY_NSSpeechRecognitionUsageDescription = "DoneLoop uses speech recognition to turn voice captures into editable transcripts.";
				INFOPLIST_KEY_UIApplicationSceneManifest_Generation = YES;
				INFOPLIST_KEY_UIApplicationSupportsIndirectInputEvents = YES;
				INFOPLIST_KEY_UILaunchScreen_Generation = YES;
				INFOPLIST_KEY_UISupportedInterfaceOrientations_iPad = "UIInterfaceOrientationPortrait UIInterfaceOrientationPortraitUpsideDown UIInterfaceOrientationLandscapeLeft UIInterfaceOrientationLandscapeRight";
				INFOPLIST_KEY_UISupportedInterfaceOrientations_iPhone = "UIInterfaceOrientationPortrait";
				IPHONEOS_DEPLOYMENT_TARGET = 17.0;
				LD_RUNPATH_SEARCH_PATHS = (
					"$(inherited)",
					"@executable_path/Frameworks",
				);
				MARKETING_VERSION = 0.1.0;
				PRODUCT_BUNDLE_IDENTIFIER = com.openclaw.DoneLoop;
				PRODUCT_NAME = "$(TARGET_NAME)";
				SWIFT_EMIT_LOC_STRINGS = YES;
				SWIFT_VERSION = 5.0;
				TARGETED_DEVICE_FAMILY = 1;
			};
			name = Release;
		};
/* End XCBuildConfiguration section */

/* Begin XCConfigurationList section */
		8A0000010000000000000801 /* Build configuration list for PBXProject "DoneLoop" */ = {
			isa = XCConfigurationList;
			buildConfigurations = (
				8A0000010000000000000901 /* Debug */,
				8A0000010000000000000902 /* Release */,
			);
			defaultConfigurationIsVisible = 0;
			defaultConfigurationName = Release;
		};
		8A0000010000000000000802 /* Build configuration list for PBXNativeTarget "DoneLoop" */ = {
			isa = XCConfigurationList;
			buildConfigurations = (
				8A0000010000000000000903 /* Debug */,
				8A0000010000000000000904 /* Release */,
			);
			defaultConfigurationIsVisible = 0;
			defaultConfigurationName = Release;
		};
/* End XCConfigurationList section */
	};
	rootObject = 8A0000010000000000000701 /* Project object */;
}
